
Microsoft Visual Studio Solution File, Format Version 12.00
# Visual Studio Version 16
VisualStudioVersion = 16.0.28917.181
MinimumVisualStudioVersion = 10.0.40219.1
Project("{FAE04EC0-301F-11D3-BF4B-00C04F79EFBC}") = "Body_client", "Body_client.csproj", "{6D276764-2F6B-4EBB-875E-03A6F27E5892}"
EndProject
Global
	GlobalSection(SolutionConfigurationPlatforms) = preSolution
		Debug|Any CPU = Debug|Any CPU
		Release|Any CPU = Release|Any CPU
	EndGlobalSection
	GlobalSection(ProjectConfigurationPlatforms) = postSolution
		{6D276764-2F6B-4EBB-875E-03A6F27E5892}.Debug|Any CPU.ActiveCfg = Debug|Any CPU
		{6D276764-2F6B-4EBB-875E-03A6F27E5892}.Debug|Any CPU.Build.0 = Debug|Any CPU
		{6D276764-2F6B-4EBB-875E-03A6F27E5892}.Release|Any CPU.ActiveCfg = Release|Any CPU
		{6D276764-2F6B-4EBB-875E-03A6F27E5892}.Release|Any CPU.Build.0 = Release|Any CPU
	EndGlobalSection
	GlobalSection(SolutionProperties) = preSolution
		HideSolutionNode = FALSE
	EndGlobalSection
	GlobalSection(ExtensibilityGlobals) = postSolution
		SolutionGuid = {416AA039-1240-4017-92AC-144361A98150}
	EndGlobalSection
EndGlobal
